
Microsoft Visual Studio Solution File, Format Version 12.00
# Visual Studio Version 16
VisualStudioVersion = 16.0.30517.126
MinimumVisualStudioVersion = 10.0.40219.1
Project("{FAE04EC0-301F-11D3-BF4B-00C04F79EFBC}") = "WpfMVVM", "WpfMVVM\WpfMVVM.csproj", "{B06F2256-0D3B-4F3F-8C03-C2D3795A2E0E}"
EndProject
Global
	GlobalSection(SolutionConfigurationPlatforms) = preSolution
		Debug|Any CPU = Debug|Any CPU
		Release|Any CPU = Release|Any CPU
	EndGlobalSection
	GlobalSection(ProjectConfigurationPlatforms) = postSolution
		{B06F2256-0D3B-4F3F-8C03-C2D3795A2E0E}.Debug|Any CPU.ActiveCfg = Debug|Any CPU
		{B06F2256-0D3B-4F3F-8C03-C2D3795A2E0E}.Debug|Any CPU.Build.0 = Debug|Any CPU
		{B06F2256-0D3B-4F3F-8C03-C2D3795A2E0E}.Release|Any CPU.ActiveCfg = Release|Any CPU
		{B06F2256-0D3B-4F3F-8C03-C2D3795A2E0E}.Release|Any CPU.Build.0 = Release|Any CPU
	EndGlobalSection
	GlobalSection(SolutionProperties) = preSolution
		HideSolutionNode = FALSE
	EndGlobalSection
	GlobalSection(ExtensibilityGlobals) = postSolution
		SolutionGuid = {54901BC1-1B71-4738-8346-CD5A8E2E29A5}
	EndGlobalSection
EndGlobal
